
Microsoft Visual Studio Solution File, Format Version 12.00
# Visual Studio Version 16
VisualStudioVersion = 16.0.29728.190
MinimumVisualStudioVersion = 10.0.40219.1
Project("{FAE04EC0-301F-11D3-BF4B-00C04F79EFBC}") = "session4-projects", "session4-projects\session4-projects.csproj", "{4267ED55-11DE-4489-A543-B64844BF102D}"
EndProject
Global
	GlobalSection(SolutionConfigurationPlatforms) = preSolution
		Debug|Any CPU = Debug|Any CPU
		Release|Any CPU = Release|Any CPU
	EndGlobalSection
	GlobalSection(ProjectConfigurationPlatforms) = postSolution
		{4267ED55-11DE-4489-A543-B64844BF102D}.Debug|Any CPU.ActiveCfg = Debug|Any CPU
		{4267ED55-11DE-4489-A543-B64844BF102D}.Debug|Any CPU.Build.0 = Debug|Any CPU
		{4267ED55-11DE-4489-A543-B64844BF102D}.Release|Any CPU.ActiveCfg = Release|Any CPU
		{4267ED55-11DE-4489-A543-B64844BF102D}.Release|Any CPU.Build.0 = Release|Any CPU
	EndGlobalSection
	GlobalSection(SolutionProperties) = preSolution
		HideSolutionNode = FALSE
	EndGlobalSection
	GlobalSection(ExtensibilityGlobals) = postSolution
		SolutionGuid = {61B8543A-4AC6-42DB-A145-D3A082334042}
	EndGlobalSection
EndGlobal
