
Microsoft Visual Studio Solution File, Format Version 12.00
# Visual Studio Version 16
VisualStudioVersion = 16.0.29728.190
MinimumVisualStudioVersion = 10.0.40219.1
Project("{FAE04EC0-301F-11D3-BF4B-00C04F79EFBC}") = "session10-entityframework", "session10-entityframework\session10-entityframework.csproj", "{7BE4D5FF-C720-463D-A09F-F0CD0A756620}"
EndProject
Global
	GlobalSection(SolutionConfigurationPlatforms) = preSolution
		Debug|Any CPU = Debug|Any CPU
		Release|Any CPU = Release|Any CPU
	EndGlobalSection
	GlobalSection(ProjectConfigurationPlatforms) = postSolution
		{7BE4D5FF-C720-463D-A09F-F0CD0A756620}.Debug|Any CPU.ActiveCfg = Debug|Any CPU
		{7BE4D5FF-C720-463D-A09F-F0CD0A756620}.Debug|Any CPU.Build.0 = Debug|Any CPU
		{7BE4D5FF-C720-463D-A09F-F0CD0A756620}.Release|Any CPU.ActiveCfg = Release|Any CPU
		{7BE4D5FF-C720-463D-A09F-F0CD0A756620}.Release|Any CPU.Build.0 = Release|Any CPU
	EndGlobalSection
	GlobalSection(SolutionProperties) = preSolution
		HideSolutionNode = FALSE
	EndGlobalSection
	GlobalSection(ExtensibilityGlobals) = postSolution
		SolutionGuid = {E7CA373C-57E3-45C7-B3A6-249A02FE61E3}
	EndGlobalSection
EndGlobal
