
Microsoft Visual Studio Solution File, Format Version 12.00
# Visual Studio Version 16
VisualStudioVersion = 16.0.29728.190
MinimumVisualStudioVersion = 10.0.40219.1
Project("{FAE04EC0-301F-11D3-BF4B-00C04F79EFBC}") = "session8-quiz-answers", "session8-quiz-answers\session8-quiz-answers.csproj", "{FAD307BF-5998-4F8E-B0A1-FCD9ABD14746}"
EndProject
Global
	GlobalSection(SolutionConfigurationPlatforms) = preSolution
		Debug|Any CPU = Debug|Any CPU
		Release|Any CPU = Release|Any CPU
	EndGlobalSection
	GlobalSection(ProjectConfigurationPlatforms) = postSolution
		{FAD307BF-5998-4F8E-B0A1-FCD9ABD14746}.Debug|Any CPU.ActiveCfg = Debug|Any CPU
		{FAD307BF-5998-4F8E-B0A1-FCD9ABD14746}.Debug|Any CPU.Build.0 = Debug|Any CPU
		{FAD307BF-5998-4F8E-B0A1-FCD9ABD14746}.Release|Any CPU.ActiveCfg = Release|Any CPU
		{FAD307BF-5998-4F8E-B0A1-FCD9ABD14746}.Release|Any CPU.Build.0 = Release|Any CPU
	EndGlobalSection
	GlobalSection(SolutionProperties) = preSolution
		HideSolutionNode = FALSE
	EndGlobalSection
	GlobalSection(ExtensibilityGlobals) = postSolution
		SolutionGuid = {441D4625-3E5C-4BC6-B2A6-F89D2F32E81D}
	EndGlobalSection
EndGlobal
