
Microsoft Visual Studio Solution File, Format Version 12.00
# Visual Studio Version 16
VisualStudioVersion = 16.0.29728.190
MinimumVisualStudioVersion = 10.0.40219.1
Project("{FAE04EC0-301F-11D3-BF4B-00C04F79EFBC}") = "session3-projects", "session3-projects\session3-projects.csproj", "{AFBC0BC9-6FF5-4D6C-AE8D-8D05E2DF78DD}"
EndProject
Global
	GlobalSection(SolutionConfigurationPlatforms) = preSolution
		Debug|Any CPU = Debug|Any CPU
		Release|Any CPU = Release|Any CPU
	EndGlobalSection
	GlobalSection(ProjectConfigurationPlatforms) = postSolution
		{AFBC0BC9-6FF5-4D6C-AE8D-8D05E2DF78DD}.Debug|Any CPU.ActiveCfg = Debug|Any CPU
		{AFBC0BC9-6FF5-4D6C-AE8D-8D05E2DF78DD}.Debug|Any CPU.Build.0 = Debug|Any CPU
		{AFBC0BC9-6FF5-4D6C-AE8D-8D05E2DF78DD}.Release|Any CPU.ActiveCfg = Release|Any CPU
		{AFBC0BC9-6FF5-4D6C-AE8D-8D05E2DF78DD}.Release|Any CPU.Build.0 = Release|Any CPU
	EndGlobalSection
	GlobalSection(SolutionProperties) = preSolution
		HideSolutionNode = FALSE
	EndGlobalSection
	GlobalSection(ExtensibilityGlobals) = postSolution
		SolutionGuid = {DAC66B2B-6507-40F3-BB42-013F5438FB07}
	EndGlobalSection
EndGlobal
